PODS:
  - Alamofire (5.2.2)
  - Differentiator (4.0.1)
  - MGArchitecture (2.0.1):
    - RxCocoa (~> 5.1)
    - RxSwift (~> 5.1)
  - "NSObject+Rx (5.1.0)":
    - RxSwift (~> 5.1)
  - ObjectMapper (4.2.0)
  - Reusable (4.1.1):
    - Reusable/Storyboard (= 4.1.1)
    - Reusable/View (= 4.1.1)
  - Reusable/Storyboard (4.1.1)
  - Reusable/View (4.1.1)
  - RxCocoa (5.1.1):
    - RxRelay (~> 5)
    - RxSwift (~> 5)
  - RxDataSources (4.0.1):
    - Differentiator (~> 4.0)
    - RxCocoa (~> 5.0)
    - RxSwift (~> 5.0)
  - RxRelay (5.1.1):
    - RxSwift (~> 5)
  - RxSwift (5.1.1)
  - SDWebImage (5.9.2):
    - SDWebImage/Core (= 5.9.2)
  - SDWebImage/Core (5.9.2)
  - SkeletonView (1.10.0)
  - Then (2.7.0)

DEPENDENCIES:
  - Alamofire
  - MGArchitecture
  - "NSObject+Rx"
  - ObjectMapper
  - Reusable
  - RxDataSources (~> 4.0)
  - SDWebImage
  - SkeletonView
  - Then

SPEC REPOS:
  trunk:
    - Alamofire
    - Differentiator
    - MGArchitecture
    - "NSObject+Rx"
    - ObjectMapper
    - Reusable
    - RxCocoa
    - RxDataSources
    - RxRelay
    - RxSwift
    - SDWebImage
    - SkeletonView
    - Then

SPEC CHECKSUMS:
  Alamofire: 814429acc853c6c54ff123fc3d2ef66803823ce0
  Differentiator: 886080237d9f87f322641dedbc5be257061b0602
  MGArchitecture: 7d586fc5fe15c3fa86dc06b0e6a06d7aafbf8051
  "NSObject+Rx": fa6bbcc1ab1faa06b01466bc09b1e0692bbc5946
  ObjectMapper: 1eb41f610210777375fa806bf161dc39fb832b81
  Reusable: 53a9acf5c536f229b31b5865782414b508252ddb
  RxCocoa: 32065309a38d29b5b0db858819b5bf9ef038b601
  RxDataSources: efee07fa4de48477eca0a4611e6d11e2da9c1114
  RxRelay: d77f7d771495f43c556cbc43eebd1bb54d01e8e9
  RxSwift: 81470a2074fa8780320ea5fe4102807cb7118178
  SDWebImage: 0b42b8719ab0c5257177d5894306e8a336b21cbb
  SkeletonView: 14fbe9702c7fb5c5f011b44ac3ae99fc73155726
  Then: acfe0be7e98221c6204e12f8161459606d5d822d

PODFILE CHECKSUM: 5c6c867b227c53bb34e0f0a87b81e81f4b6832f4

COCOAPODS: 1.9.3
